
Microsoft Visual Studio Solution File, Format Version 12.00
# Visual Studio Version 17
VisualStudioVersion = 17.7.34009.444
MinimumVisualStudioVersion = 10.0.40219.1
Project("{FAE04EC0-301F-11D3-BF4B-00C04F79EFBC}") = "DbOperationsWithEFCoreApp", "DbOperationsWithEFCoreApp\DbOperationsWithEFCoreApp.csproj", "{3C88D942-A512-4769-8DF1-C6D4ED485C07}"
EndProject
Global
	GlobalSection(SolutionConfigurationPlatforms) = preSolution
		Debug|Any CPU = Debug|Any CPU
		Release|Any CPU = Release|Any CPU
	EndGlobalSection
	GlobalSection(ProjectConfigurationPlatforms) = postSolution
		{3C88D942-A512-4769-8DF1-C6D4ED485C07}.Debug|Any CPU.ActiveCfg = Debug|Any CPU
		{3C88D942-A512-4769-8DF1-C6D4ED485C07}.Debug|Any CPU.Build.0 = Debug|Any CPU
		{3C88D942-A512-4769-8DF1-C6D4ED485C07}.Release|Any CPU.ActiveCfg = Release|Any CPU
		{3C88D942-A512-4769-8DF1-C6D4ED485C07}.Release|Any CPU.Build.0 = Release|Any CPU
	EndGlobalSection
	GlobalSection(SolutionProperties) = preSolution
		HideSolutionNode = FALSE
	EndGlobalSection
	GlobalSection(ExtensibilityGlobals) = postSolution
		SolutionGuid = {C3E4DF74-BF9E-49BC-83D1-4AF3B5BEA4EA}
	EndGlobalSection
EndGlobal
